
Microsoft Visual Studio Solution File, Format Version 12.00
# Visual Studio Version 16
VisualStudioVersion = 16.0.29926.136
MinimumVisualStudioVersion = 10.0.40219.1
Project("{9A19103F-16F7-4668-BE54-9A1E7A4F7556}") = "PetaPoco.Repository", "PetaPoco.Repository\PetaPoco.Repository.csproj", "{1A961144-0019-411F-A43F-2BECC65591B3}"
EndProject
Project("{9A19103F-16F7-4668-BE54-9A1E7A4F7556}") = "PetaPoco.Repository.Abstractions", "PetaPoco.Repository.Abstractions\PetaPoco.Repository.Abstractions.csproj", "{131BC805-6069-4506-B010-D4846D3E3F75}"
EndProject
Project("{2150E333-8FDC-42A3-9474-1A3956D46DE8}") = "Tests", "Tests", "{823B6F06-9F7C-4A5E-A8D6-39853808DD22}"
EndProject
Global
	GlobalSection(SolutionConfigurationPlatforms) = preSolution
		Debug|Any CPU = Debug|Any CPU
		Release|Any CPU = Release|Any CPU
	EndGlobalSection
	GlobalSection(ProjectConfigurationPlatforms) = postSolution
		{1A961144-0019-411F-A43F-2BECC65591B3}.Debug|Any CPU.ActiveCfg = Debug|Any CPU
		{1A961144-0019-411F-A43F-2BECC65591B3}.Debug|Any CPU.Build.0 = Debug|Any CPU
		{1A961144-0019-411F-A43F-2BECC65591B3}.Release|Any CPU.ActiveCfg = Release|Any CPU
		{1A961144-0019-411F-A43F-2BECC65591B3}.Release|Any CPU.Build.0 = Release|Any CPU
		{131BC805-6069-4506-B010-D4846D3E3F75}.Debug|Any CPU.ActiveCfg = Debug|Any CPU
		{131BC805-6069-4506-B010-D4846D3E3F75}.Debug|Any CPU.Build.0 = Debug|Any CPU
		{131BC805-6069-4506-B010-D4846D3E3F75}.Release|Any CPU.ActiveCfg = Release|Any CPU
		{131BC805-6069-4506-B010-D4846D3E3F75}.Release|Any CPU.Build.0 = Release|Any CPU
	EndGlobalSection
	GlobalSection(SolutionProperties) = preSolution
		HideSolutionNode = FALSE
	EndGlobalSection
	GlobalSection(ExtensibilityGlobals) = postSolution
		SolutionGuid = {2885B9DC-A47B-46F3-B3A2-F4CBDCDD9A49}
	EndGlobalSection
EndGlobal
